
Microsoft Visual Studio Solution File, Format Version 12.00
# Visual Studio 15
VisualStudioVersion = 15.0.26730.3
MinimumVisualStudioVersion = 10.0.40219.1
Project("{FAE04EC0-301F-11D3-BF4B-00C04F79EFBC}") = "Hotels.Core", "Hotels.Core\Hotels.Core.csproj", "{275429A2-5404-4735-ABCC-D658E88A7E9E}"
EndProject
Project("{FAE04EC0-301F-11D3-BF4B-00C04F79EFBC}") = "Hotels.Api", "Hotels.Api\Hotels.Api.csproj", "{BAB97A87-EB75-47E6-8D95-5EE1CA51786E}"
EndProject
Project("{FAE04EC0-301F-11D3-BF4B-00C04F79EFBC}") = "Hotels.Web", "Hotels.Web\Hotels.Web.csproj", "{638782BB-F811-4DA2-AEDE-7ABE44DF4BCF}"
EndProject
Global
	GlobalSection(SolutionConfigurationPlatforms) = preSolution
		Debug|Any CPU = Debug|Any CPU
		Release|Any CPU = Release|Any CPU
	EndGlobalSection
	GlobalSection(ProjectConfigurationPlatforms) = postSolution
		{275429A2-5404-4735-ABCC-D658E88A7E9E}.Debug|Any CPU.ActiveCfg = Debug|Any CPU
		{275429A2-5404-4735-ABCC-D658E88A7E9E}.Debug|Any CPU.Build.0 = Debug|Any CPU
		{275429A2-5404-4735-ABCC-D658E88A7E9E}.Release|Any CPU.ActiveCfg = Release|Any CPU
		{275429A2-5404-4735-ABCC-D658E88A7E9E}.Release|Any CPU.Build.0 = Release|Any CPU
		{BAB97A87-EB75-47E6-8D95-5EE1CA51786E}.Debug|Any CPU.ActiveCfg = Debug|Any CPU
		{BAB97A87-EB75-47E6-8D95-5EE1CA51786E}.Debug|Any CPU.Build.0 = Debug|Any CPU
		{BAB97A87-EB75-47E6-8D95-5EE1CA51786E}.Release|Any CPU.ActiveCfg = Release|Any CPU
		{BAB97A87-EB75-47E6-8D95-5EE1CA51786E}.Release|Any CPU.Build.0 = Release|Any CPU
		{638782BB-F811-4DA2-AEDE-7ABE44DF4BCF}.Debug|Any CPU.ActiveCfg = Debug|Any CPU
		{638782BB-F811-4DA2-AEDE-7ABE44DF4BCF}.Debug|Any CPU.Build.0 = Debug|Any CPU
		{638782BB-F811-4DA2-AEDE-7ABE44DF4BCF}.Release|Any CPU.ActiveCfg = Release|Any CPU
		{638782BB-F811-4DA2-AEDE-7ABE44DF4BCF}.Release|Any CPU.Build.0 = Release|Any CPU
	EndGlobalSection
	GlobalSection(SolutionProperties) = preSolution
		HideSolutionNode = FALSE
	EndGlobalSection
	GlobalSection(ExtensibilityGlobals) = postSolution
		SolutionGuid = {1C8BBAFC-7F68-40BE-93A2-EB5EECDF4B36}
	EndGlobalSection
EndGlobal
